// !$*UTF8*$!
{
	archiveVersion = 1;
	classes = {
	};
	objectVersion = 50;
	objects = {

/* Begin PBXBuildFile section */
		7B5257A52437888E00F22453 /* AppDelegate.swift in Sources */ = {isa = PBXBuildFile; fileRef = 7B5257A42437888E00F22453 /* AppDelegate.swift */; };
		7B5257A72437888E00F22453 /* SceneDelegate.swift in Sources */ = {isa = PBXBuildFile; fileRef = 7B5257A62437888E00F22453 /* SceneDelegate.swift */; };
		7B5257AE2437889100F22453 /* Assets.xcassets in Resources */ = {isa = PBXBuildFile; fileRef = 7B5257AD2437889100F22453 /* Assets.xcassets */; };
		7B5257C324378D6600F22453 /* WBMainViewController.swift in Sources */ = {isa = PBXBuildFile; fileRef = 7B5257C224378D6600F22453 /* WBMainViewController.swift */; };
		7B5257C524378D9000F22453 /* WBNavController.swift in Sources */ = {isa = PBXBuildFile; fileRef = 7B5257C424378D9000F22453 /* WBNavController.swift */; };
		7B5257C724378DA600F22453 /* WBBaseViewController.swift in Sources */ = {isa = PBXBuildFile; fileRef = 7B5257C624378DA600F22453 /* WBBaseViewController.swift */; };
		7B5257C924378DD400F22453 /* WBHomeViewController.swift in Sources */ = {isa = PBXBuildFile; fileRef = 7B5257C824378DD400F22453 /* WBHomeViewController.swift */; };
		7B5257CB24378DE500F22453 /* WBDiscoverViewController.swift in Sources */ = {isa = PBXBuildFile; fileRef = 7B5257CA24378DE500F22453 /* WBDiscoverViewController.swift */; };
		7B5257CD24378DEF00F22453 /* WBMessageViewController.swift in Sources */ = {isa = PBXBuildFile; fileRef = 7B5257CC24378DEF00F22453 /* WBMessageViewController.swift */; };
		7B5257CF24378DFC00F22453 /* WBProfileViewController.swift in Sources */ = {isa = PBXBuildFile; fileRef = 7B5257CE24378DFC00F22453 /* WBProfileViewController.swift */; };
		7B5257F524379B1700F22453 /* Launch Screen.storyboard in Resources */ = {isa = PBXBuildFile; fileRef = 7B5257F424379B1700F22453 /* Launch Screen.storyboard */; };
		7B5257F72437A47700F22453 /* Bundle+Extension.swift in Sources */ = {isa = PBXBuildFile; fileRef = 7B5257F62437A47700F22453 /* Bundle+Extension.swift */; };
		7B5258122438331C00F22453 /* UIColor+CZAddition.m in Sources */ = {isa = PBXBuildFile; fileRef = 7B5257F92438331C00F22453 /* UIColor+CZAddition.m */; };
		7B5258132438331C00F22453 /* UIView+CZAddition.m in Sources */ = {isa = PBXBuildFile; fileRef = 7B5257FA2438331C00F22453 /* UIView+CZAddition.m */; };
		7B5258142438331C00F22453 /* UIScreen+CZAddition.m in Sources */ = {isa = PBXBuildFile; fileRef = 7B5257FD2438331C00F22453 /* UIScreen+CZAddition.m */; };
		7B5258152438331C00F22453 /* UILabel+CZAddition.m in Sources */ = {isa = PBXBuildFile; fileRef = 7B5257FF2438331C00F22453 /* UILabel+CZAddition.m */; };
		7B5258162438331C00F22453 /* NSString+CZBase64.m in Sources */ = {isa = PBXBuildFile; fileRef = 7B5258012438331C00F22453 /* NSString+CZBase64.m */; };
		7B5258172438331C00F22453 /* NSString+CZPath.m in Sources */ = {isa = PBXBuildFile; fileRef = 7B5258022438331C00F22453 /* NSString+CZPath.m */; };
		7B5258182438331C00F22453 /* UIButton+CZAddition.m in Sources */ = {isa = PBXBuildFile; fileRef = 7B5258052438331C00F22453 /* UIButton+CZAddition.m */; };
		7B5258192438331C00F22453 /* NSObject+CZRuntime.m in Sources */ = {isa = PBXBuildFile; fileRef = 7B5258082438331C00F22453 /* NSObject+CZRuntime.m */; };
		7B52581A2438331C00F22453 /* UIViewController+CZAddition.m in Sources */ = {isa = PBXBuildFile; fileRef = 7B52580B2438331C00F22453 /* UIViewController+CZAddition.m */; };
		7B52581B2438331C00F22453 /* NSString+CZHash.m in Sources */ = {isa = PBXBuildFile; fileRef = 7B52580C2438331C00F22453 /* NSString+CZHash.m */; };
		7B52581C2438331C00F22453 /* NSAttributedString+CZAdditon.m in Sources */ = {isa = PBXBuildFile; fileRef = 7B52580F2438331C00F22453 /* NSAttributedString+CZAdditon.m */; };
		7B52581D2438331C00F22453 /* NSArray+Log.m in Sources */ = {isa = PBXBuildFile; fileRef = 7B5258102438331C00F22453 /* NSArray+Log.m */; };
		7B525820243841B300F22453 /* WBDemoViewController.swift in Sources */ = {isa = PBXBuildFile; fileRef = 7B52581F243841B300F22453 /* WBDemoViewController.swift */; };
		7B5258232438525D00F22453 /* UIBarButtonItem+Extension.swift in Sources */ = {isa = PBXBuildFile; fileRef = 7B5258222438525D00F22453 /* UIBarButtonItem+Extension.swift */; };
		7B5258252438A6B000F22453 /* WBNavBar.swift in Sources */ = {isa = PBXBuildFile; fileRef = 7B5258242438A6B000F22453 /* WBNavBar.swift */; };
/* End PBXBuildFile section */

/* Begin PBXFileReference section */
		7B5257A12437888E00F22453 /* WeiBo.app */ = {isa = PBXFileReference; explicitFileType = wrapper.application; includeInIndex = 0; path = WeiBo.app; sourceTree = BUILT_PRODUCTS_DIR; };
		7B5257A42437888E00F22453 /* AppDelegate.swift */ = {isa = PBXFileReference; lastKnownFileType = sourcecode.swift; path = AppDelegate.swift; sourceTree = "<group>"; };
		7B5257A62437888E00F22453 /* SceneDelegate.swift */ = {isa = PBXFileReference; lastKnownFileType = sourcecode.swift; path = SceneDelegate.swift; sourceTree = "<group>"; };
		7B5257AD2437889100F22453 /* Assets.xcassets */ = {isa = PBXFileReference; lastKnownFileType = folder.assetcatalog; path = Assets.xcassets; sourceTree = "<group>"; };
		7B5257B22437889100F22453 /* Info.plist */ = {isa = PBXFileReference; lastKnownFileType = text.plist.xml; path = Info.plist; sourceTree = "<group>"; };
		7B5257C224378D6600F22453 /* WBMainViewController.swift */ = {isa = PBXFileReference; lastKnownFileType = sourcecode.swift; path = WBMainViewController.swift; sourceTree = "<group>"; };
		7B5257C424378D9000F22453 /* WBNavController.swift */ = {isa = PBXFileReference; lastKnownFileType = sourcecode.swift; path = WBNavController.swift; sourceTree = "<group>"; };
		7B5257C624378DA600F22453 /* WBBaseViewController.swift */ = {isa = PBXFileReference; lastKnownFileType = sourcecode.swift; path = WBBaseViewController.swift; sourceTree = "<group>"; };
		7B5257C824378DD400F22453 /* WBHomeViewController.swift */ = {isa = PBXFileReference; lastKnownFileType = sourcecode.swift; path = WBHomeViewController.swift; sourceTree = "<group>"; };
		7B5257CA24378DE500F22453 /* WBDiscoverViewController.swift */ = {isa = PBXFileReference; lastKnownFileType = sourcecode.swift; path = WBDiscoverViewController.swift; sourceTree = "<group>"; };
		7B5257CC24378DEF00F22453 /* WBMessageViewController.swift */ = {isa = PBXFileReference; lastKnownFileType = sourcecode.swift; path = WBMessageViewController.swift; sourceTree = "<group>"; };
		7B5257CE24378DFC00F22453 /* WBProfileViewController.swift */ = {isa = PBXFileReference; lastKnownFileType = sourcecode.swift; path = WBProfileViewController.swift; sourceTree = "<group>"; };
		7B5257F424379B1700F22453 /* Launch Screen.storyboard */ = {isa = PBXFileReference; lastKnownFileType = file.storyboard; path = "Launch Screen.storyboard"; sourceTree = "<group>"; };
		7B5257F62437A47700F22453 /* Bundle+Extension.swift */ = {isa = PBXFileReference; lastKnownFileType = sourcecode.swift; path = "Bundle+Extension.swift"; sourceTree = "<group>"; };
		7B5257F92438331C00F22453 /* UIColor+CZAddition.m */ = {isa = PBXFileReference; fileEncoding = 4; lastKnownFileType = sourcecode.c.objc; path = "UIColor+CZAddition.m"; sourceTree = "<group>"; };
		7B5257FA2438331C00F22453 /* UIView+CZAddition.m */ = {isa = PBXFileReference; fileEncoding = 4; lastKnownFileType = sourcecode.c.objc; path = "UIView+CZAddition.m"; sourceTree = "<group>"; };
		7B5257FB2438331C00F22453 /* UIButton+CZAddition.h */ = {isa = PBXFileReference; fileEncoding = 4; lastKnownFileType = sourcecode.c.h; path = "UIButton+CZAddition.h"; sourceTree = "<group>"; };
		7B5257FC2438331C00F22453 /* NSString+CZHash.h */ = {isa = PBXFileReference; fileEncoding = 4; lastKnownFileType = sourcecode.c.h; path = "NSString+CZHash.h"; sourceTree = "<group>"; };
		7B5257FD2438331C00F22453 /* UIScreen+CZAddition.m */ = {isa = PBXFileReference; fileEncoding = 4; lastKnownFileType = sourcecode.c.objc; path = "UIScreen+CZAddition.m"; sourceTree = "<group>"; };
		7B5257FE2438331C00F22453 /* UIViewController+CZAddition.h */ = {isa = PBXFileReference; fileEncoding = 4; lastKnownFileType = sourcecode.c.h; path = "UIViewController+CZAddition.h"; sourceTree = "<group>"; };
		7B5257FF2438331C00F22453 /* UILabel+CZAddition.m */ = {isa = PBXFileReference; fileEncoding = 4; lastKnownFileType = sourcecode.c.objc; path = "UILabel+CZAddition.m"; sourceTree = "<group>"; };
		7B5258002438331C00F22453 /* NSObject+CZRuntime.h */ = {isa = PBXFileReference; fileEncoding = 4; lastKnownFileType = sourcecode.c.h; path = "NSObject+CZRuntime.h"; sourceTree = "<group>"; };
		7B5258012438331C00F22453 /* NSString+CZBase64.m */ = {isa = PBXFileReference; fileEncoding = 4; lastKnownFileType = sourcecode.c.objc; path = "NSString+CZBase64.m"; sourceTree = "<group>"; };
		7B5258022438331C00F22453 /* NSString+CZPath.m */ = {isa = PBXFileReference; fileEncoding = 4; lastKnownFileType = sourcecode.c.objc; path = "NSString+CZPath.m"; sourceTree = "<group>"; };
		7B5258032438331C00F22453 /* NSArray+Log.h */ = {isa = PBXFileReference; fileEncoding = 4; lastKnownFileType = sourcecode.c.h; path = "NSArray+Log.h"; sourceTree = "<group>"; };
		7B5258042438331C00F22453 /* NSAttributedString+CZAdditon.h */ = {isa = PBXFileReference; fileEncoding = 4; lastKnownFileType = sourcecode.c.h; path = "NSAttributedString+CZAdditon.h"; sourceTree = "<group>"; };
		7B5258052438331C00F22453 /* UIButton+CZAddition.m */ = {isa = PBXFileReference; fileEncoding = 4; lastKnownFileType = sourcecode.c.objc; path = "UIButton+CZAddition.m"; sourceTree = "<group>"; };
		7B5258062438331C00F22453 /* UIView+CZAddition.h */ = {isa = PBXFileReference; fileEncoding = 4; lastKnownFileType = sourcecode.c.h; path = "UIView+CZAddition.h"; sourceTree = "<group>"; };
		7B5258072438331C00F22453 /* UIColor+CZAddition.h */ = {isa = PBXFileReference; fileEncoding = 4; lastKnownFileType = sourcecode.c.h; path = "UIColor+CZAddition.h"; sourceTree = "<group>"; };
		7B5258082438331C00F22453 /* NSObject+CZRuntime.m */ = {isa = PBXFileReference; fileEncoding = 4; lastKnownFileType = sourcecode.c.objc; path = "NSObject+CZRuntime.m"; sourceTree = "<group>"; };
		7B5258092438331C00F22453 /* UILabel+CZAddition.h */ = {isa = PBXFileReference; fileEncoding = 4; lastKnownFileType = sourcecode.c.h; path = "UILabel+CZAddition.h"; sourceTree = "<group>"; };
		7B52580A2438331C00F22453 /* UIScreen+CZAddition.h */ = {isa = PBXFileReference; fileEncoding = 4; lastKnownFileType = sourcecode.c.h; path = "UIScreen+CZAddition.h"; sourceTree = "<group>"; };
		7B52580B2438331C00F22453 /* UIViewController+CZAddition.m */ = {isa = PBXFileReference; fileEncoding = 4; lastKnownFileType = sourcecode.c.objc; path = "UIViewController+CZAddition.m"; sourceTree = "<group>"; };
		7B52580C2438331C00F22453 /* NSString+CZHash.m */ = {isa = PBXFileReference; fileEncoding = 4; lastKnownFileType = sourcecode.c.objc; path = "NSString+CZHash.m"; sourceTree = "<group>"; };
		7B52580D2438331C00F22453 /* NSString+CZBase64.h */ = {isa = PBXFileReference; fileEncoding = 4; lastKnownFileType = sourcecode.c.h; path = "NSString+CZBase64.h"; sourceTree = "<group>"; };
		7B52580E2438331C00F22453 /* CZAdditions.h */ = {isa = PBXFileReference; fileEncoding = 4; lastKnownFileType = sourcecode.c.h; path = CZAdditions.h; sourceTree = "<group>"; };
		7B52580F2438331C00F22453 /* NSAttributedString+CZAdditon.m */ = {isa = PBXFileReference; fileEncoding = 4; lastKnownFileType = sourcecode.c.objc; path = "NSAttributedString+CZAdditon.m"; sourceTree = "<group>"; };
		7B5258102438331C00F22453 /* NSArray+Log.m */ = {isa = PBXFileReference; fileEncoding = 4; lastKnownFileType = sourcecode.c.objc; path = "NSArray+Log.m"; sourceTree = "<group>"; };
		7B5258112438331C00F22453 /* NSString+CZPath.h */ = {isa = PBXFileReference; fileEncoding = 4; lastKnownFileType = sourcecode.c.h; path = "NSString+CZPath.h"; sourceTree = "<group>"; };
		7B52581E2438340500F22453 /* Objc-Bridge.h */ = {isa = PBXFileReference; lastKnownFileType = sourcecode.c.h; name = "Objc-Bridge.h"; path = "WeiBo/Objc-Bridge.h"; sourceTree = SOURCE_ROOT; };
		7B52581F243841B300F22453 /* WBDemoViewController.swift */ = {isa = PBXFileReference; lastKnownFileType = sourcecode.swift; path = WBDemoViewController.swift; sourceTree = "<group>"; };
		7B5258222438525D00F22453 /* UIBarButtonItem+Extension.swift */ = {isa = PBXFileReference; lastKnownFileType = sourcecode.swift; path = "UIBarButtonItem+Extension.swift"; sourceTree = "<group>"; };
		7B5258242438A6B000F22453 /* WBNavBar.swift */ = {isa = PBXFileReference; lastKnownFileType = sourcecode.swift; path = WBNavBar.swift; sourceTree = "<group>"; };
/* End PBXFileReference section */

/* Begin PBXFrameworksBuildPhase section */
		7B52579E2437888E00F22453 /* Frameworks */ = {
			isa = PBXFrameworksBuildPhase;
			buildActionMask = 2147483647;
			files = (
			);
			runOnlyForDeploymentPostprocessing = 0;
		};
/* End PBXFrameworksBuildPhase section */

/* Begin PBXGroup section */
		7B5257982437888E00F22453 = {
			isa = PBXGroup;
			children = (
				7B5257A32437888E00F22453 /* WeiBo */,
				7B5257A22437888E00F22453 /* Products */,
			);
			sourceTree = "<group>";
		};
		7B5257A22437888E00F22453 /* Products */ = {
			isa = PBXGroup;
			children = (
				7B5257A12437888E00F22453 /* WeiBo.app */,
			);
			name = Products;
			sourceTree = "<group>";
		};
		7B5257A32437888E00F22453 /* WeiBo */ = {
			isa = PBXGroup;
			children = (
				7B5257B824378C1800F22453 /* Classes */,
				7B5257A42437888E00F22453 /* AppDelegate.swift */,
				7B5257A62437888E00F22453 /* SceneDelegate.swift */,
				7B52581E2438340500F22453 /* Objc-Bridge.h */,
				7B5257AD2437889100F22453 /* Assets.xcassets */,
				7B5257F424379B1700F22453 /* Launch Screen.storyboard */,
				7B5257B22437889100F22453 /* Info.plist */,
				7B5257F62437A47700F22453 /* Bundle+Extension.swift */,
			);
			path = WeiBo;
			sourceTree = "<group>";
		};
		7B5257B824378C1800F22453 /* Classes */ = {
			isa = PBXGroup;
			children = (
				7B5257BC24378C1800F22453 /* ViewController */,
				7B5257BB24378C1800F22453 /* View */,
				7B5257B924378C1800F22453 /* Tools */,
				7B5257BA24378C1800F22453 /* Model */,
			);
			path = Classes;
			sourceTree = "<group>";
		};
		7B5257B924378C1800F22453 /* Tools */ = {
			isa = PBXGroup;
			children = (
				7B5258212438524500F22453 /* Extensions */,
				7B5257F82438331C00F22453 /* Additions */,
			);
			path = Tools;
			sourceTree = "<group>";
		};
		7B5257BA24378C1800F22453 /* Model */ = {
			isa = PBXGroup;
			children = (
			);
			path = Model;
			sourceTree = "<group>";
		};
		7B5257BB24378C1800F22453 /* View */ = {
			isa = PBXGroup;
			children = (
			);
			path = View;
			sourceTree = "<group>";
		};
		7B5257BC24378C1800F22453 /* ViewController */ = {
			isa = PBXGroup;
			children = (
				7B5257C124378C1800F22453 /* Main */,
				7B5257BD24378C1800F22453 /* Home */,
				7B5257BE24378C1800F22453 /* Discover */,
				7B5257BF24378C1800F22453 /* Message */,
				7B5257C024378C1800F22453 /* Profile */,
			);
			path = ViewController;
			sourceTree = "<group>";
		};
		7B5257BD24378C1800F22453 /* Home */ = {
			isa = PBXGroup;
			children = (
				7B5257C824378DD400F22453 /* WBHomeViewController.swift */,
			);
			path = Home;
			sourceTree = "<group>";
		};
		7B5257BE24378C1800F22453 /* Discover */ = {
			isa = PBXGroup;
			children = (
				7B5257CA24378DE500F22453 /* WBDiscoverViewController.swift */,
			);
			path = Discover;
			sourceTree = "<group>";
		};
		7B5257BF24378C1800F22453 /* Message */ = {
			isa = PBXGroup;
			children = (
				7B5257CC24378DEF00F22453 /* WBMessageViewController.swift */,
			);
			path = Message;
			sourceTree = "<group>";
		};
		7B5257C024378C1800F22453 /* Profile */ = {
			isa = PBXGroup;
			children = (
				7B5257CE24378DFC00F22453 /* WBProfileViewController.swift */,
			);
			path = Profile;
			sourceTree = "<group>";
		};
		7B5257C124378C1800F22453 /* Main */ = {
			isa = PBXGroup;
			children = (
				7B5257C224378D6600F22453 /* WBMainViewController.swift */,
				7B5257C424378D9000F22453 /* WBNavController.swift */,
				7B5257C624378DA600F22453 /* WBBaseViewController.swift */,
				7B52581F243841B300F22453 /* WBDemoViewController.swift */,
				7B5258242438A6B000F22453 /* WBNavBar.swift */,
			);
			path = Main;
			sourceTree = "<group>";
		};
		7B5257F82438331C00F22453 /* Additions */ = {
			isa = PBXGroup;
			children = (
				7B5257F92438331C00F22453 /* UIColor+CZAddition.m */,
				7B5257FA2438331C00F22453 /* UIView+CZAddition.m */,
				7B5257FB2438331C00F22453 /* UIButton+CZAddition.h */,
				7B5257FC2438331C00F22453 /* NSString+CZHash.h */,
				7B5257FD2438331C00F22453 /* UIScreen+CZAddition.m */,
				7B5257FE2438331C00F22453 /* UIViewController+CZAddition.h */,
				7B5257FF2438331C00F22453 /* UILabel+CZAddition.m */,
				7B5258002438331C00F22453 /* NSObject+CZRuntime.h */,
				7B5258012438331C00F22453 /* NSString+CZBase64.m */,
				7B5258022438331C00F22453 /* NSString+CZPath.m */,
				7B5258032438331C00F22453 /* NSArray+Log.h */,
				7B5258042438331C00F22453 /* NSAttributedString+CZAdditon.h */,
				7B5258052438331C00F22453 /* UIButton+CZAddition.m */,
				7B5258062438331C00F22453 /* UIView+CZAddition.h */,
				7B5258072438331C00F22453 /* UIColor+CZAddition.h */,
				7B5258082438331C00F22453 /* NSObject+CZRuntime.m */,
				7B5258092438331C00F22453 /* UILabel+CZAddition.h */,
				7B52580A2438331C00F22453 /* UIScreen+CZAddition.h */,
				7B52580B2438331C00F22453 /* UIViewController+CZAddition.m */,
				7B52580C2438331C00F22453 /* NSString+CZHash.m */,
				7B52580D2438331C00F22453 /* NSString+CZBase64.h */,
				7B52580E2438331C00F22453 /* CZAdditions.h */,
				7B52580F2438331C00F22453 /* NSAttributedString+CZAdditon.m */,
				7B5258102438331C00F22453 /* NSArray+Log.m */,
				7B5258112438331C00F22453 /* NSString+CZPath.h */,
			);
			path = Additions;
			sourceTree = "<group>";
		};
		7B5258212438524500F22453 /* Extensions */ = {
			isa = PBXGroup;
			children = (
				7B5258222438525D00F22453 /* UIBarButtonItem+Extension.swift */,
			);
			name = Extensions;
			path = WeiBo/Classes/Tools/Extensions;
			sourceTree = SOURCE_ROOT;
		};
/* End PBXGroup section */

/* Begin PBXNativeTarget section */
		7B5257A02437888E00F22453 /* WeiBo */ = {
			isa = PBXNativeTarget;
			buildConfigurationList = 7B5257B52437889100F22453 /* Build configuration list for PBXNativeTarget "WeiBo" */;
			buildPhases = (
				7B52579D2437888E00F22453 /* Sources */,
				7B52579E2437888E00F22453 /* Frameworks */,
				7B52579F2437888E00F22453 /* Resources */,
			);
			buildRules = (
			);
			dependencies = (
			);
			name = WeiBo;
			productName = WeiBo;
			productReference = 7B5257A12437888E00F22453 /* WeiBo.app */;
			productType = "com.apple.product-type.application";
		};
/* End PBXNativeTarget section */

/* Begin PBXProject section */
		7B5257992437888E00F22453 /* Project object */ = {
			isa = PBXProject;
			attributes = {
				CLASSPREFIX = WB;
				LastSwiftUpdateCheck = 1140;
				LastUpgradeCheck = 1140;
				ORGANIZATIONNAME = jinzhanjun;
				TargetAttributes = {
					7B5257A02437888E00F22453 = {
						CreatedOnToolsVersion = 11.4;
					};
				};
			};
			buildConfigurationList = 7B52579C2437888E00F22453 /* Build configuration list for PBXProject "WeiBo" */;
			compatibilityVersion = "Xcode 9.3";
			developmentRegion = en;
			hasScannedForEncodings = 0;
			knownRegions = (
				en,
				Base,
			);
			mainGroup = 7B5257982437888E00F22453;
			productRefGroup = 7B5257A22437888E00F22453 /* Products */;
			projectDirPath = "";
			projectRoot = "";
			targets = (
				7B5257A02437888E00F22453 /* WeiBo */,
			);
		};
/* End PBXProject section */

/* Begin PBXResourcesBuildPhase section */
		7B52579F2437888E00F22453 /* Resources */ = {
			isa = PBXResourcesBuildPhase;
			buildActionMask = 2147483647;
			files = (
				7B5257F524379B1700F22453 /* Launch Screen.storyboard in Resources */,
				7B5257AE2437889100F22453 /* Assets.xcassets in Resources */,
			);
			runOnlyForDeploymentPostprocessing = 0;
		};
/* End PBXResourcesBuildPhase section */

/* Begin PBXSourcesBuildPhase section */
		7B52579D2437888E00F22453 /* Sources */ = {
			isa = PBXSourcesBuildPhase;
			buildActionMask = 2147483647;
			files = (
				7B5257A52437888E00F22453 /* AppDelegate.swift in Sources */,
				7B525820243841B300F22453 /* WBDemoViewController.swift in Sources */,
				7B5257F72437A47700F22453 /* Bundle+Extension.swift in Sources */,
				7B52581C2438331C00F22453 /* NSAttributedString+CZAdditon.m in Sources */,
				7B5257CB24378DE500F22453 /* WBDiscoverViewController.swift in Sources */,
				7B5258232438525D00F22453 /* UIBarButtonItem+Extension.swift in Sources */,
				7B5258152438331C00F22453 /* UILabel+CZAddition.m in Sources */,
				7B5258132438331C00F22453 /* UIView+CZAddition.m in Sources */,
				7B5258252438A6B000F22453 /* WBNavBar.swift in Sources */,
				7B5258192438331C00F22453 /* NSObject+CZRuntime.m in Sources */,
				7B5257A72437888E00F22453 /* SceneDelegate.swift in Sources */,
				7B5257C924378DD400F22453 /* WBHomeViewController.swift in Sources */,
				7B52581A2438331C00F22453 /* UIViewController+CZAddition.m in Sources */,
				7B5257CF24378DFC00F22453 /* WBProfileViewController.swift in Sources */,
				7B5257C524378D9000F22453 /* WBNavController.swift in Sources */,
				7B5258172438331C00F22453 /* NSString+CZPath.m in Sources */,
				7B52581B2438331C00F22453 /* NSString+CZHash.m in Sources */,
				7B5258162438331C00F22453 /* NSString+CZBase64.m in Sources */,
				7B5258122438331C00F22453 /* UIColor+CZAddition.m in Sources */,
				7B5257CD24378DEF00F22453 /* WBMessageViewController.swift in Sources */,
				7B52581D2438331C00F22453 /* NSArray+Log.m in Sources */,
				7B5258182438331C00F22453 /* UIButton+CZAddition.m in Sources */,
				7B5257C324378D6600F22453 /* WBMainViewController.swift in Sources */,
				7B5258142438331C00F22453 /* UIScreen+CZAddition.m in Sources */,
				7B5257C724378DA600F22453 /* WBBaseViewController.swift in Sources */,
			);
			runOnlyForDeploymentPostprocessing = 0;
		};
/* End PBXSourcesBuildPhase section */

/* Begin XCBuildConfiguration section */
		7B5257B32437889100F22453 /* Debug */ = {
			isa = XCBuildConfiguration;
			buildSettings = {
				ALWAYS_SEARCH_USER_PATHS = NO;
				CLANG_ANALYZER_NONNULL = YES;
				CLANG_ANALYZER_NUMBER_OBJECT_CONVERSION = YES_AGGRESSIVE;
				CLANG_CXX_LANGUAGE_STANDARD = "gnu++14";
				CLANG_CXX_LIBRARY = "libc++";
				CLANG_ENABLE_MODULES = YES;
				CLANG_ENABLE_OBJC_ARC = YES;
				CLANG_ENABLE_OBJC_WEAK = YES;
				CLANG_WARN_BLOCK_CAPTURE_AUTORELEASING = YES;
				CLANG_WARN_BOOL_CONVERSION = YES;
				CLANG_WARN_COMMA = YES;
				CLANG_WARN_CONSTANT_CONVERSION = YES;
				CLANG_WARN_DEPRECATED_OBJC_IMPLEMENTATIONS = YES;
				CLANG_WARN_DIRECT_OBJC_ISA_USAGE = YES_ERROR;
				CLANG_WARN_DOCUMENTATION_COMMENTS = YES;
				CLANG_WARN_EMPTY_BODY = YES;
				CLANG_WARN_ENUM_CONVERSION = YES;
				CLANG_WARN_INFINITE_RECURSION = YES;
				CLANG_WARN_INT_CONVERSION = YES;
				CLANG_WARN_NON_LITERAL_NULL_CONVERSION = YES;
				CLANG_WARN_OBJC_IMPLICIT_RETAIN_SELF = YES;
				CLANG_WARN_OBJC_LITERAL_CONVERSION = YES;
				CLANG_WARN_OBJC_ROOT_CLASS = YES_ERROR;
				CLANG_WARN_RANGE_LOOP_ANALYSIS = YES;
				CLANG_WARN_STRICT_PROTOTYPES = YES;
				CLANG_WARN_SUSPICIOUS_MOVE = YES;
				CLANG_WARN_UNGUARDED_AVAILABILITY = YES_AGGRESSIVE;
				CLANG_WARN_UNREACHABLE_CODE = YES;
				CLANG_WARN__DUPLICATE_METHOD_MATCH = YES;
				COPY_PHASE_STRIP = NO;
				DEBUG_INFORMATION_FORMAT = dwarf;
				ENABLE_STRICT_OBJC_MSGSEND = YES;
				ENABLE_TESTABILITY = YES;
				GCC_C_LANGUAGE_STANDARD = gnu11;
				GCC_DYNAMIC_NO_PIC = NO;
				GCC_NO_COMMON_BLOCKS = YES;
				GCC_OPTIMIZATION_LEVEL = 0;
				GCC_PREPROCESSOR_DEFINITIONS = (
					"DEBUG=1",
					"$(inherited)",
				);
				GCC_WARN_64_TO_32_BIT_CONVERSION = YES;
				GCC_WARN_ABOUT_RETURN_TYPE = YES_ERROR;
				GCC_WARN_UNDECLARED_SELECTOR = YES;
				GCC_WARN_UNINITIALIZED_AUTOS = YES_AGGRESSIVE;
				GCC_WARN_UNUSED_FUNCTION = YES;
				GCC_WARN_UNUSED_VARIABLE = YES;
				IPHONEOS_DEPLOYMENT_TARGET = 13.4;
				MTL_ENABLE_DEBUG_INFO = INCLUDE_SOURCE;
				MTL_FAST_MATH = YES;
				ONLY_ACTIVE_ARCH = YES;
				SDKROOT = iphoneos;
				SWIFT_ACTIVE_COMPILATION_CONDITIONS = DEBUG;
				SWIFT_OPTIMIZATION_LEVEL = "-Onone";
			};
			name = Debug;
		};
		7B5257B42437889100F22453 /* Release */ = {
			isa = XCBuildConfiguration;
			buildSettings = {
				ALWAYS_SEARCH_USER_PATHS = NO;
				CLANG_ANALYZER_NONNULL = YES;
				CLANG_ANALYZER_NUMBER_OBJECT_CONVERSION = YES_AGGRESSIVE;
				CLANG_CXX_LANGUAGE_STANDARD = "gnu++14";
				CLANG_CXX_LIBRARY = "libc++";
				CLANG_ENABLE_MODULES = YES;
				CLANG_ENABLE_OBJC_ARC = YES;
				CLANG_ENABLE_OBJC_WEAK = YES;
				CLANG_WARN_BLOCK_CAPTURE_AUTORELEASING = YES;
				CLANG_WARN_BOOL_CONVERSION = YES;
				CLANG_WARN_COMMA = YES;
				CLANG_WARN_CONSTANT_CONVERSION = YES;
				CLANG_WARN_DEPRECATED_OBJC_IMPLEMENTATIONS = YES;
				CLANG_WARN_DIRECT_OBJC_ISA_USAGE = YES_ERROR;
				CLANG_WARN_DOCUMENTATION_COMMENTS = YES;
				CLANG_WARN_EMPTY_BODY = YES;
				CLANG_WARN_ENUM_CONVERSION = YES;
				CLANG_WARN_INFINITE_RECURSION = YES;
				CLANG_WARN_INT_CONVERSION = YES;
				CLANG_WARN_NON_LITERAL_NULL_CONVERSION = YES;
				CLANG_WARN_OBJC_IMPLICIT_RETAIN_SELF = YES;
				CLANG_WARN_OBJC_LITERAL_CONVERSION = YES;
				CLANG_WARN_OBJC_ROOT_CLASS = YES_ERROR;
				CLANG_WARN_RANGE_LOOP_ANALYSIS = YES;
				CLANG_WARN_STRICT_PROTOTYPES = YES;
				CLANG_WARN_SUSPICIOUS_MOVE = YES;
				CLANG_WARN_UNGUARDED_AVAILABILITY = YES_AGGRESSIVE;
				CLANG_WARN_UNREACHABLE_CODE = YES;
				CLANG_WARN__DUPLICATE_METHOD_MATCH = YES;
				COPY_PHASE_STRIP = NO;
				DEBUG_INFORMATION_FORMAT = "dwarf-with-dsym";
				ENABLE_NS_ASSERTIONS = NO;
				ENABLE_STRICT_OBJC_MSGSEND = YES;
				GCC_C_LANGUAGE_STANDARD = gnu11;
				GCC_NO_COMMON_BLOCKS = YES;
				GCC_WARN_64_TO_32_BIT_CONVERSION = YES;
				GCC_WARN_ABOUT_RETURN_TYPE = YES_ERROR;
				GCC_WARN_UNDECLARED_SELECTOR = YES;
				GCC_WARN_UNINITIALIZED_AUTOS = YES_AGGRESSIVE;
				GCC_WARN_UNUSED_FUNCTION = YES;
				GCC_WARN_UNUSED_VARIABLE = YES;
				IPHONEOS_DEPLOYMENT_TARGET = 13.4;
				MTL_ENABLE_DEBUG_INFO = NO;
				MTL_FAST_MATH = YES;
				SDKROOT = iphoneos;
				SWIFT_COMPILATION_MODE = wholemodule;
				SWIFT_OPTIMIZATION_LEVEL = "-O";
				VALIDATE_PRODUCT = YES;
			};
			name = Release;
		};
		7B5257B62437889100F22453 /* Debug */ = {
			isa = XCBuildConfiguration;
			buildSettings = {
				ASSETCATALOG_COMPILER_APPICON_NAME = AppIcon;
				CODE_SIGN_STYLE = Automatic;
				DEVELOPMENT_TEAM = 8AQ47Z9975;
				INFOPLIST_FILE = WeiBo/Info.plist;
				IPHONEOS_DEPLOYMENT_TARGET = 13.4;
				LD_RUNPATH_SEARCH_PATHS = (
					"$(inherited)",
					"@executable_path/Frameworks",
				);
				PRODUCT_BUNDLE_IDENTIFIER = PanyKing.WeiBo;
				PRODUCT_NAME = "$(TARGET_NAME)";
				SWIFT_OBJC_BRIDGING_HEADER = "WeiBo/Objc-Bridge.h";
				SWIFT_VERSION = 5.0;
				TARGETED_DEVICE_FAMILY = 1;
			};
			name = Debug;
		};
		7B5257B72437889100F22453 /* Release */ = {
			isa = XCBuildConfiguration;
			buildSettings = {
				ASSETCATALOG_COMPILER_APPICON_NAME = AppIcon;
				CODE_SIGN_STYLE = Automatic;
				DEVELOPMENT_TEAM = 8AQ47Z9975;
				INFOPLIST_FILE = WeiBo/Info.plist;
				IPHONEOS_DEPLOYMENT_TARGET = 13.4;
				LD_RUNPATH_SEARCH_PATHS = (
					"$(inherited)",
					"@executable_path/Frameworks",
				);
				PRODUCT_BUNDLE_IDENTIFIER = PanyKing.WeiBo;
				PRODUCT_NAME = "$(TARGET_NAME)";
				SWIFT_OBJC_BRIDGING_HEADER = "WeiBo/Objc-Bridge.h";
				SWIFT_VERSION = 5.0;
				TARGETED_DEVICE_FAMILY = 1;
			};
			name = Release;
		};
/* End XCBuildConfiguration section */

/* Begin XCConfigurationList section */
		7B52579C2437888E00F22453 /* Build configuration list for PBXProject "WeiBo" */ = {
			isa = XCConfigurationList;
			buildConfigurations = (
				7B5257B32437889100F22453 /* Debug */,
				7B5257B42437889100F22453 /* Release */,
			);
			defaultConfigurationIsVisible = 0;
			defaultConfigurationName = Release;
		};
		7B5257B52437889100F22453 /* Build configuration list for PBXNativeTarget "WeiBo" */ = {
			isa = XCConfigurationList;
			buildConfigurations = (
				7B5257B62437889100F22453 /* Debug */,
				7B5257B72437889100F22453 /* Release */,
			);
			defaultConfigurationIsVisible = 0;
			defaultConfigurationName = Release;
		};
/* End XCConfigurationList section */
	};
	rootObject = 7B5257992437888E00F22453 /* Project object */;
}
